// !$*UTF8*$!
{
	archiveVersion = 1;
	classes = {
	};
	objectVersion = 56;
	objects = {

/* Begin PBXBuildFile section */
		8944D7262981EC6C00FD14E7 /* AppDelegate.swift in Sources */ = {isa = PBXBuildFile; fileRef = 8944D7252981EC6C00FD14E7 /* AppDelegate.swift */; };
		8944D7282981EC6C00FD14E7 /* SceneDelegate.swift in Sources */ = {isa = PBXBuildFile; fileRef = 8944D7272981EC6C00FD14E7 /* SceneDelegate.swift */; };
		8944D72A2981EC6C00FD14E7 /* ViewController.swift in Sources */ = {isa = PBXBuildFile; fileRef = 8944D7292981EC6C00FD14E7 /* ViewController.swift */; };
		8944D72F2981EC6E00FD14E7 /* Assets.xcassets in Resources */ = {isa = PBXBuildFile; fileRef = 8944D72E2981EC6E00FD14E7 /* Assets.xcassets */; };
		8944D7322981EC6E00FD14E7 /* LaunchScreen.storyboard in Resources */ = {isa = PBXBuildFile; fileRef = 8944D7302981EC6E00FD14E7 /* LaunchScreen.storyboard */; };
		8944D73A2981EE0E00FD14E7 /* ContentView.swift in Sources */ = {isa = PBXBuildFile; fileRef = 8944D7392981EE0E00FD14E7 /* ContentView.swift */; };
		8944D73D2981EE9900FD14E7 /* Coordinator.swift in Sources */ = {isa = PBXBuildFile; fileRef = 8944D73C2981EE9900FD14E7 /* Coordinator.swift */; };
		8944D73F2981EEC800FD14E7 /* ApplicationCoordinator.swift in Sources */ = {isa = PBXBuildFile; fileRef = 8944D73E2981EEC800FD14E7 /* ApplicationCoordinator.swift */; };
		8944D7432981F08600FD14E7 /* OnboardingCoordinator.swift in Sources */ = {isa = PBXBuildFile; fileRef = 8944D7422981F08600FD14E7 /* OnboardingCoordinator.swift */; };
		8944D7452981F0C600FD14E7 /* OnboardingView.swift in Sources */ = {isa = PBXBuildFile; fileRef = 8944D7442981F0C600FD14E7 /* OnboardingView.swift */; };
		8944D74A2981F2B200FD14E7 /* ScaledImageView.swift in Sources */ = {isa = PBXBuildFile; fileRef = 8944D7492981F2B200FD14E7 /* ScaledImageView.swift */; };
		8944D74C2981F4F000FD14E7 /* MainCoordinator.swift in Sources */ = {isa = PBXBuildFile; fileRef = 8944D74B2981F4F000FD14E7 /* MainCoordinator.swift */; };
		8944D7502981F56100FD14E7 /* FirstTabCoordinator.swift in Sources */ = {isa = PBXBuildFile; fileRef = 8944D74F2981F56100FD14E7 /* FirstTabCoordinator.swift */; };
		8944D7522981F64300FD14E7 /* SecondTabCoordinator.swift in Sources */ = {isa = PBXBuildFile; fileRef = 8944D7512981F64300FD14E7 /* SecondTabCoordinator.swift */; };
		8944D7542981F68200FD14E7 /* FirstViewController.swift in Sources */ = {isa = PBXBuildFile; fileRef = 8944D7532981F68200FD14E7 /* FirstViewController.swift */; };
		8944D7562981F6AF00FD14E7 /* FirstDetailView.swift in Sources */ = {isa = PBXBuildFile; fileRef = 8944D7552981F6AF00FD14E7 /* FirstDetailView.swift */; };
		8944D75B2981F6E600FD14E7 /* SecondViewController.swift in Sources */ = {isa = PBXBuildFile; fileRef = 8944D7592981F6E600FD14E7 /* SecondViewController.swift */; };
		8944D75C2981F6E600FD14E7 /* SecondViewController.xib in Resources */ = {isa = PBXBuildFile; fileRef = 8944D75A2981F6E600FD14E7 /* SecondViewController.xib */; };
/* End PBXBuildFile section */

/* Begin PBXFileReference section */
		8944D7222981EC6C00FD14E7 /* Advanced Navigation.app */ = {isa = PBXFileReference; explicitFileType = wrapper.application; includeInIndex = 0; path = "Advanced Navigation.app"; sourceTree = BUILT_PRODUCTS_DIR; };
		8944D7252981EC6C00FD14E7 /* AppDelegate.swift */ = {isa = PBXFileReference; lastKnownFileType = sourcecode.swift; path = AppDelegate.swift; sourceTree = "<group>"; };
		8944D7272981EC6C00FD14E7 /* SceneDelegate.swift */ = {isa = PBXFileReference; lastKnownFileType = sourcecode.swift; path = SceneDelegate.swift; sourceTree = "<group>"; };
		8944D7292981EC6C00FD14E7 /* ViewController.swift */ = {isa = PBXFileReference; lastKnownFileType = sourcecode.swift; path = ViewController.swift; sourceTree = "<group>"; };
		8944D72E2981EC6E00FD14E7 /* Assets.xcassets */ = {isa = PBXFileReference; lastKnownFileType = folder.assetcatalog; path = Assets.xcassets; sourceTree = "<group>"; };
		8944D7312981EC6E00FD14E7 /* Base */ = {isa = PBXFileReference; lastKnownFileType = file.storyboard; name = Base; path = Base.lproj/LaunchScreen.storyboard; sourceTree = "<group>"; };
		8944D7332981EC6E00FD14E7 /* Info.plist */ = {isa = PBXFileReference; lastKnownFileType = text.plist.xml; path = Info.plist; sourceTree = "<group>"; };
		8944D7392981EE0E00FD14E7 /* ContentView.swift */ = {isa = PBXFileReference; lastKnownFileType = sourcecode.swift; path = ContentView.swift; sourceTree = "<group>"; };
		8944D73C2981EE9900FD14E7 /* Coordinator.swift */ = {isa = PBXFileReference; lastKnownFileType = sourcecode.swift; path = Coordinator.swift; sourceTree = "<group>"; };
		8944D73E2981EEC800FD14E7 /* ApplicationCoordinator.swift */ = {isa = PBXFileReference; lastKnownFileType = sourcecode.swift; path = ApplicationCoordinator.swift; sourceTree = "<group>"; };
		8944D7422981F08600FD14E7 /* OnboardingCoordinator.swift */ = {isa = PBXFileReference; lastKnownFileType = sourcecode.swift; path = OnboardingCoordinator.swift; sourceTree = "<group>"; };
		8944D7442981F0C600FD14E7 /* OnboardingView.swift */ = {isa = PBXFileReference; lastKnownFileType = sourcecode.swift; path = OnboardingView.swift; sourceTree = "<group>"; };
		8944D7492981F2B200FD14E7 /* ScaledImageView.swift */ = {isa = PBXFileReference; lastKnownFileType = sourcecode.swift; path = ScaledImageView.swift; sourceTree = "<group>"; };
		8944D74B2981F4F000FD14E7 /* MainCoordinator.swift */ = {isa = PBXFileReference; lastKnownFileType = sourcecode.swift; path = MainCoordinator.swift; sourceTree = "<group>"; };
		8944D74F2981F56100FD14E7 /* FirstTabCoordinator.swift */ = {isa = PBXFileReference; lastKnownFileType = sourcecode.swift; path = FirstTabCoordinator.swift; sourceTree = "<group>"; };
		8944D7512981F64300FD14E7 /* SecondTabCoordinator.swift */ = {isa = PBXFileReference; lastKnownFileType = sourcecode.swift; path = SecondTabCoordinator.swift; sourceTree = "<group>"; };
		8944D7532981F68200FD14E7 /* FirstViewController.swift */ = {isa = PBXFileReference; lastKnownFileType = sourcecode.swift; path = FirstViewController.swift; sourceTree = "<group>"; };
		8944D7552981F6AF00FD14E7 /* FirstDetailView.swift */ = {isa = PBXFileReference; lastKnownFileType = sourcecode.swift; path = FirstDetailView.swift; sourceTree = "<group>"; };
		8944D7592981F6E600FD14E7 /* SecondViewController.swift */ = {isa = PBXFileReference; lastKnownFileType = sourcecode.swift; path = SecondViewController.swift; sourceTree = "<group>"; };
		8944D75A2981F6E600FD14E7 /* SecondViewController.xib */ = {isa = PBXFileReference; lastKnownFileType = file.xib; path = SecondViewController.xib; sourceTree = "<group>"; };
/* End PBXFileReference section */

/* Begin PBXFrameworksBuildPhase section */
		8944D71F2981EC6C00FD14E7 /* Frameworks */ = {
			isa = PBXFrameworksBuildPhase;
			buildActionMask = 2147483647;
			files = (
			);
			runOnlyForDeploymentPostprocessing = 0;
		};
/* End PBXFrameworksBuildPhase section */

/* Begin PBXGroup section */
		8944D7192981EC6B00FD14E7 = {
			isa = PBXGroup;
			children = (
				8944D7242981EC6C00FD14E7 /* Advanced Navigation */,
				8944D7232981EC6C00FD14E7 /* Products */,
			);
			sourceTree = "<group>";
		};
		8944D7232981EC6C00FD14E7 /* Products */ = {
			isa = PBXGroup;
			children = (
				8944D7222981EC6C00FD14E7 /* Advanced Navigation.app */,
			);
			name = Products;
			sourceTree = "<group>";
		};
		8944D7242981EC6C00FD14E7 /* Advanced Navigation */ = {
			isa = PBXGroup;
			children = (
				8944D7252981EC6C00FD14E7 /* AppDelegate.swift */,
				8944D7272981EC6C00FD14E7 /* SceneDelegate.swift */,
				8944D73E2981EEC800FD14E7 /* ApplicationCoordinator.swift */,
				8944D7292981EC6C00FD14E7 /* ViewController.swift */,
				8944D7412981F07500FD14E7 /* Main */,
				8944D7402981F06B00FD14E7 /* Onboarding */,
				8944D7462981F27C00FD14E7 /* Components */,
				8944D73B2981EE8500FD14E7 /* Protocols */,
				8944D72E2981EC6E00FD14E7 /* Assets.xcassets */,
				8944D7302981EC6E00FD14E7 /* LaunchScreen.storyboard */,
				8944D7332981EC6E00FD14E7 /* Info.plist */,
				8944D7392981EE0E00FD14E7 /* ContentView.swift */,
			);
			path = "Advanced Navigation";
			sourceTree = "<group>";
		};
		8944D73B2981EE8500FD14E7 /* Protocols */ = {
			isa = PBXGroup;
			children = (
				8944D73C2981EE9900FD14E7 /* Coordinator.swift */,
			);
			path = Protocols;
			sourceTree = "<group>";
		};
		8944D7402981F06B00FD14E7 /* Onboarding */ = {
			isa = PBXGroup;
			children = (
				8944D7422981F08600FD14E7 /* OnboardingCoordinator.swift */,
				8944D7442981F0C600FD14E7 /* OnboardingView.swift */,
			);
			path = Onboarding;
			sourceTree = "<group>";
		};
		8944D7412981F07500FD14E7 /* Main */ = {
			isa = PBXGroup;
			children = (
				8944D74B2981F4F000FD14E7 /* MainCoordinator.swift */,
				8944D74E2981F53D00FD14E7 /* First */,
				8944D74D2981F52F00FD14E7 /* Second */,
			);
			path = Main;
			sourceTree = "<group>";
		};
		8944D7462981F27C00FD14E7 /* Components */ = {
			isa = PBXGroup;
			children = (
				8944D7492981F2B200FD14E7 /* ScaledImageView.swift */,
			);
			path = Components;
			sourceTree = "<group>";
		};
		8944D74D2981F52F00FD14E7 /* Second */ = {
			isa = PBXGroup;
			children = (
				8944D7512981F64300FD14E7 /* SecondTabCoordinator.swift */,
				8944D7592981F6E600FD14E7 /* SecondViewController.swift */,
				8944D75A2981F6E600FD14E7 /* SecondViewController.xib */,
			);
			path = Second;
			sourceTree = "<group>";
		};
		8944D74E2981F53D00FD14E7 /* First */ = {
			isa = PBXGroup;
			children = (
				8944D74F2981F56100FD14E7 /* FirstTabCoordinator.swift */,
				8944D7532981F68200FD14E7 /* FirstViewController.swift */,
				8944D7552981F6AF00FD14E7 /* FirstDetailView.swift */,
			);
			path = First;
			sourceTree = "<group>";
		};
/* End PBXGroup section */

/* Begin PBXNativeTarget section */
		8944D7212981EC6C00FD14E7 /* Advanced Navigation */ = {
			isa = PBXNativeTarget;
			buildConfigurationList = 8944D7362981EC6E00FD14E7 /* Build configuration list for PBXNativeTarget "Advanced Navigation" */;
			buildPhases = (
				8944D71E2981EC6C00FD14E7 /* Sources */,
				8944D71F2981EC6C00FD14E7 /* Frameworks */,
				8944D7202981EC6C00FD14E7 /* Resources */,
			);
			buildRules = (
			);
			dependencies = (
			);
			name = "Advanced Navigation";
			productName = "Advanced Navigation";
			productReference = 8944D7222981EC6C00FD14E7 /* Advanced Navigation.app */;
			productType = "com.apple.product-type.application";
		};
/* End PBXNativeTarget section */

/* Begin PBXProject section */
		8944D71A2981EC6B00FD14E7 /* Project object */ = {
			isa = PBXProject;
			attributes = {
				BuildIndependentTargetsInParallel = 1;
				LastSwiftUpdateCheck = 1420;
				LastUpgradeCheck = 1420;
				TargetAttributes = {
					8944D7212981EC6C00FD14E7 = {
						CreatedOnToolsVersion = 14.2;
					};
				};
			};
			buildConfigurationList = 8944D71D2981EC6B00FD14E7 /* Build configuration list for PBXProject "Advanced Navigation" */;
			compatibilityVersion = "Xcode 14.0";
			developmentRegion = en;
			hasScannedForEncodings = 0;
			knownRegions = (
				en,
				Base,
			);
			mainGroup = 8944D7192981EC6B00FD14E7;
			productRefGroup = 8944D7232981EC6C00FD14E7 /* Products */;
			projectDirPath = "";
			projectRoot = "";
			targets = (
				8944D7212981EC6C00FD14E7 /* Advanced Navigation */,
			);
		};
/* End PBXProject section */

/* Begin PBXResourcesBuildPhase section */
		8944D7202981EC6C00FD14E7 /* Resources */ = {
			isa = PBXResourcesBuildPhase;
			buildActionMask = 2147483647;
			files = (
				8944D7322981EC6E00FD14E7 /* LaunchScreen.storyboard in Resources */,
				8944D72F2981EC6E00FD14E7 /* Assets.xcassets in Resources */,
				8944D75C2981F6E600FD14E7 /* SecondViewController.xib in Resources */,
			);
			runOnlyForDeploymentPostprocessing = 0;
		};
/* End PBXResourcesBuildPhase section */

/* Begin PBXSourcesBuildPhase section */
		8944D71E2981EC6C00FD14E7 /* Sources */ = {
			isa = PBXSourcesBuildPhase;
			buildActionMask = 2147483647;
			files = (
				8944D72A2981EC6C00FD14E7 /* ViewController.swift in Sources */,
				8944D7262981EC6C00FD14E7 /* AppDelegate.swift in Sources */,
				8944D73D2981EE9900FD14E7 /* Coordinator.swift in Sources */,
				8944D75B2981F6E600FD14E7 /* SecondViewController.swift in Sources */,
				8944D74C2981F4F000FD14E7 /* MainCoordinator.swift in Sources */,
				8944D7522981F64300FD14E7 /* SecondTabCoordinator.swift in Sources */,
				8944D7542981F68200FD14E7 /* FirstViewController.swift in Sources */,
				8944D7432981F08600FD14E7 /* OnboardingCoordinator.swift in Sources */,
				8944D73A2981EE0E00FD14E7 /* ContentView.swift in Sources */,
				8944D74A2981F2B200FD14E7 /* ScaledImageView.swift in Sources */,
				8944D7502981F56100FD14E7 /* FirstTabCoordinator.swift in Sources */,
				8944D7452981F0C600FD14E7 /* OnboardingView.swift in Sources */,
				8944D7282981EC6C00FD14E7 /* SceneDelegate.swift in Sources */,
				8944D7562981F6AF00FD14E7 /* FirstDetailView.swift in Sources */,
				8944D73F2981EEC800FD14E7 /* ApplicationCoordinator.swift in Sources */,
			);
			runOnlyForDeploymentPostprocessing = 0;
		};
/* End PBXSourcesBuildPhase section */

/* Begin PBXVariantGroup section */
		8944D7302981EC6E00FD14E7 /* LaunchScreen.storyboard */ = {
			isa = PBXVariantGroup;
			children = (
				8944D7312981EC6E00FD14E7 /* Base */,
			);
			name = LaunchScreen.storyboard;
			sourceTree = "<group>";
		};
/* End PBXVariantGroup section */

/* Begin XCBuildConfiguration section */
		8944D7342981EC6E00FD14E7 /* Debug */ = {
			isa = XCBuildConfiguration;
			buildSettings = {
				ALWAYS_SEARCH_USER_PATHS = NO;
				CLANG_ANALYZER_NONNULL = YES;
				CLANG_ANALYZER_NUMBER_OBJECT_CONVERSION = YES_AGGRESSIVE;
				CLANG_CXX_LANGUAGE_STANDARD = "gnu++20";
				CLANG_ENABLE_MODULES = YES;
				CLANG_ENABLE_OBJC_ARC = YES;
				CLANG_ENABLE_OBJC_WEAK = YES;
				CLANG_WARN_BLOCK_CAPTURE_AUTORELEASING = YES;
				CLANG_WARN_BOOL_CONVERSION = YES;
				CLANG_WARN_COMMA = YES;
				CLANG_WARN_CONSTANT_CONVERSION = YES;
				CLANG_WARN_DEPRECATED_OBJC_IMPLEMENTATIONS = YES;
				CLANG_WARN_DIRECT_OBJC_ISA_USAGE = YES_ERROR;
				CLANG_WARN_DOCUMENTATION_COMMENTS = YES;
				CLANG_WARN_EMPTY_BODY = YES;
				CLANG_WARN_ENUM_CONVERSION = YES;
				CLANG_WARN_INFINITE_RECURSION = YES;
				CLANG_WARN_INT_CONVERSION = YES;
				CLANG_WARN_NON_LITERAL_NULL_CONVERSION = YES;
				CLANG_WARN_OBJC_IMPLICIT_RETAIN_SELF = YES;
				CLANG_WARN_OBJC_LITERAL_CONVERSION = YES;
				CLANG_WARN_OBJC_ROOT_CLASS = YES_ERROR;
				CLANG_WARN_QUOTED_INCLUDE_IN_FRAMEWORK_HEADER = YES;
				CLANG_WARN_RANGE_LOOP_ANALYSIS = YES;
				CLANG_WARN_STRICT_PROTOTYPES = YES;
				CLANG_WARN_SUSPICIOUS_MOVE = YES;
				CLANG_WARN_UNGUARDED_AVAILABILITY = YES_AGGRESSIVE;
				CLANG_WARN_UNREACHABLE_CODE = YES;
				CLANG_WARN__DUPLICATE_METHOD_MATCH = YES;
				COPY_PHASE_STRIP = NO;
				DEBUG_INFORMATION_FORMAT = dwarf;
				ENABLE_STRICT_OBJC_MSGSEND = YES;
				ENABLE_TESTABILITY = YES;
				GCC_C_LANGUAGE_STANDARD = gnu11;
				GCC_DYNAMIC_NO_PIC = NO;
				GCC_NO_COMMON_BLOCKS = YES;
				GCC_OPTIMIZATION_LEVEL = 0;
				GCC_PREPROCESSOR_DEFINITIONS = (
					"DEBUG=1",
					"$(inherited)",
				);
				GCC_WARN_64_TO_32_BIT_CONVERSION = YES;
				GCC_WARN_ABOUT_RETURN_TYPE = YES_ERROR;
				GCC_WARN_UNDECLARED_SELECTOR = YES;
				GCC_WARN_UNINITIALIZED_AUTOS = YES_AGGRESSIVE;
				GCC_WARN_UNUSED_FUNCTION = YES;
				GCC_WARN_UNUSED_VARIABLE = YES;
				IPHONEOS_DEPLOYMENT_TARGET = 16.2;
				MTL_ENABLE_DEBUG_INFO = INCLUDE_SOURCE;
				MTL_FAST_MATH = YES;
				ONLY_ACTIVE_ARCH = YES;
				SDKROOT = iphoneos;
				SWIFT_ACTIVE_COMPILATION_CONDITIONS = DEBUG;
				SWIFT_OPTIMIZATION_LEVEL = "-Onone";
			};
			name = Debug;
		};
		8944D7352981EC6E00FD14E7 /* Release */ = {
			isa = XCBuildConfiguration;
			buildSettings = {
				ALWAYS_SEARCH_USER_PATHS = NO;
				CLANG_ANALYZER_NONNULL = YES;
				CLANG_ANALYZER_NUMBER_OBJECT_CONVERSION = YES_AGGRESSIVE;
				CLANG_CXX_LANGUAGE_STANDARD = "gnu++20";
				CLANG_ENABLE_MODULES = YES;
				CLANG_ENABLE_OBJC_ARC = YES;
				CLANG_ENABLE_OBJC_WEAK = YES;
				CLANG_WARN_BLOCK_CAPTURE_AUTORELEASING = YES;
				CLANG_WARN_BOOL_CONVERSION = YES;
				CLANG_WARN_COMMA = YES;
				CLANG_WARN_CONSTANT_CONVERSION = YES;
				CLANG_WARN_DEPRECATED_OBJC_IMPLEMENTATIONS = YES;
				CLANG_WARN_DIRECT_OBJC_ISA_USAGE = YES_ERROR;
				CLANG_WARN_DOCUMENTATION_COMMENTS = YES;
				CLANG_WARN_EMPTY_BODY = YES;
				CLANG_WARN_ENUM_CONVERSION = YES;
				CLANG_WARN_INFINITE_RECURSION = YES;
				CLANG_WARN_INT_CONVERSION = YES;
				CLANG_WARN_NON_LITERAL_NULL_CONVERSION = YES;
				CLANG_WARN_OBJC_IMPLICIT_RETAIN_SELF = YES;
				CLANG_WARN_OBJC_LITERAL_CONVERSION = YES;
				CLANG_WARN_OBJC_ROOT_CLASS = YES_ERROR;
				CLANG_WARN_QUOTED_INCLUDE_IN_FRAMEWORK_HEADER = YES;
				CLANG_WARN_RANGE_LOOP_ANALYSIS = YES;
				CLANG_WARN_STRICT_PROTOTYPES = YES;
				CLANG_WARN_SUSPICIOUS_MOVE = YES;
				CLANG_WARN_UNGUARDED_AVAILABILITY = YES_AGGRESSIVE;
				CLANG_WARN_UNREACHABLE_CODE = YES;
				CLANG_WARN__DUPLICATE_METHOD_MATCH = YES;
				COPY_PHASE_STRIP = NO;
				DEBUG_INFORMATION_FORMAT = "dwarf-with-dsym";
				ENABLE_NS_ASSERTIONS = NO;
				ENABLE_STRICT_OBJC_MSGSEND = YES;
				GCC_C_LANGUAGE_STANDARD = gnu11;
				GCC_NO_COMMON_BLOCKS = YES;
				GCC_WARN_64_TO_32_BIT_CONVERSION = YES;
				GCC_WARN_ABOUT_RETURN_TYPE = YES_ERROR;
				GCC_WARN_UNDECLARED_SELECTOR = YES;
				GCC_WARN_UNINITIALIZED_AUTOS = YES_AGGRESSIVE;
				GCC_WARN_UNUSED_FUNCTION = YES;
				GCC_WARN_UNUSED_VARIABLE = YES;
				IPHONEOS_DEPLOYMENT_TARGET = 16.2;
				MTL_ENABLE_DEBUG_INFO = NO;
				MTL_FAST_MATH = YES;
				SDKROOT = iphoneos;
				SWIFT_COMPILATION_MODE = wholemodule;
				SWIFT_OPTIMIZATION_LEVEL = "-O";
				VALIDATE_PRODUCT = YES;
			};
			name = Release;
		};
		8944D7372981EC6E00FD14E7 /* Debug */ = {
			isa = XCBuildConfiguration;
			buildSettings = {
				ASSETCATALOG_COMPILER_APPICON_NAME = AppIcon;
				ASSETCATALOG_COMPILER_GLOBAL_ACCENT_COLOR_NAME = AccentColor;
				CODE_SIGN_STYLE = Automatic;
				CURRENT_PROJECT_VERSION = 1;
				DEVELOPMENT_TEAM = CWWB8679GU;
				GENERATE_INFOPLIST_FILE = YES;
				INFOPLIST_FILE = "Advanced Navigation/Info.plist";
				INFOPLIST_KEY_UIApplicationSupportsIndirectInputEvents = YES;
				INFOPLIST_KEY_UILaunchStoryboardName = LaunchScreen;
				INFOPLIST_KEY_UIMainStoryboardFile = "";
				INFOPLIST_KEY_UISupportedInterfaceOrientations_iPad = "UIInterfaceOrientationPortrait UIInterfaceOrientationPortraitUpsideDown UIInterfaceOrientationLandscapeLeft UIInterfaceOrientationLandscapeRight";
				INFOPLIST_KEY_UISupportedInterfaceOrientations_iPhone = "UIInterfaceOrientationPortrait UIInterfaceOrientationLandscapeLeft UIInterfaceOrientationLandscapeRight";
				IPHONEOS_DEPLOYMENT_TARGET = 14.0;
				LD_RUNPATH_SEARCH_PATHS = (
					"$(inherited)",
					"@executable_path/Frameworks",
				);
				MARKETING_VERSION = 1.0;
				PRODUCT_BUNDLE_IDENTIFIER = "com.angelcomp.Advanced-Navigation";
				PRODUCT_NAME = "$(TARGET_NAME)";
				SWIFT_EMIT_LOC_STRINGS = YES;
				SWIFT_VERSION = 5.0;
				TARGETED_DEVICE_FAMILY = "1,2";
			};
			name = Debug;
		};
		8944D7382981EC6E00FD14E7 /* Release */ = {
			isa = XCBuildConfiguration;
			buildSettings = {
				ASSETCATALOG_COMPILER_APPICON_NAME = AppIcon;
				ASSETCATALOG_COMPILER_GLOBAL_ACCENT_COLOR_NAME = AccentColor;
				CODE_SIGN_STYLE = Automatic;
				CURRENT_PROJECT_VERSION = 1;
				DEVELOPMENT_TEAM = CWWB8679GU;
				GENERATE_INFOPLIST_FILE = YES;
				INFOPLIST_FILE = "Advanced Navigation/Info.plist";
				INFOPLIST_KEY_UIApplicationSupportsIndirectInputEvents = YES;
				INFOPLIST_KEY_UILaunchStoryboardName = LaunchScreen;
				INFOPLIST_KEY_UIMainStoryboardFile = "";
				INFOPLIST_KEY_UISupportedInterfaceOrientations_iPad = "UIInterfaceOrientationPortrait UIInterfaceOrientationPortraitUpsideDown UIInterfaceOrientationLandscapeLeft UIInterfaceOrientationLandscapeRight";
				INFOPLIST_KEY_UISupportedInterfaceOrientations_iPhone = "UIInterfaceOrientationPortrait UIInterfaceOrientationLandscapeLeft UIInterfaceOrientationLandscapeRight";
				IPHONEOS_DEPLOYMENT_TARGET = 14.0;
				LD_RUNPATH_SEARCH_PATHS = (
					"$(inherited)",
					"@executable_path/Frameworks",
				);
				MARKETING_VERSION = 1.0;
				PRODUCT_BUNDLE_IDENTIFIER = "com.angelcomp.Advanced-Navigation";
				PRODUCT_NAME = "$(TARGET_NAME)";
				SWIFT_EMIT_LOC_STRINGS = YES;
				SWIFT_VERSION = 5.0;
				TARGETED_DEVICE_FAMILY = "1,2";
			};
			name = Release;
		};
/* End XCBuildConfiguration section */

/* Begin XCConfigurationList section */
		8944D71D2981EC6B00FD14E7 /* Build configuration list for PBXProject "Advanced Navigation" */ = {
			isa = XCConfigurationList;
			buildConfigurations = (
				8944D7342981EC6E00FD14E7 /* Debug */,
				8944D7352981EC6E00FD14E7 /* Release */,
			);
			defaultConfigurationIsVisible = 0;
			defaultConfigurationName = Release;
		};
		8944D7362981EC6E00FD14E7 /* Build configuration list for PBXNativeTarget "Advanced Navigation" */ = {
			isa = XCConfigurationList;
			buildConfigurations = (
				8944D7372981EC6E00FD14E7 /* Debug */,
				8944D7382981EC6E00FD14E7 /* Release */,
			);
			defaultConfigurationIsVisible = 0;
			defaultConfigurationName = Release;
		};
/* End XCConfigurationList section */
	};
	rootObject = 8944D71A2981EC6B00FD14E7 /* Project object */;
}
